
Microsoft Visual Studio Solution File, Format Version 12.00
# Visual Studio Version 16
VisualStudioVersion = 16.0.33027.164
MinimumVisualStudioVersion = 10.0.40219.1
Project("{FAE04EC0-301F-11D3-BF4B-00C04F79EFBC}") = "CuaHangThietBiDienTu", "CuaHangThietBiDienTu.csproj", "{01B1EEB0-CDEB-4B1B-BABE-FEEF48C557D1}"
EndProject
Global
	GlobalSection(SolutionConfigurationPlatforms) = preSolution
		Debug|Any CPU = Debug|Any CPU
		Release|Any CPU = Release|Any CPU
	EndGlobalSection
	GlobalSection(ProjectConfigurationPlatforms) = postSolution
		{01B1EEB0-CDEB-4B1B-BABE-FEEF48C557D1}.Debug|Any CPU.ActiveCfg = Debug|Any CPU
		{01B1EEB0-CDEB-4B1B-BABE-FEEF48C557D1}.Debug|Any CPU.Build.0 = Debug|Any CPU
		{01B1EEB0-CDEB-4B1B-BABE-FEEF48C557D1}.Release|Any CPU.ActiveCfg = Release|Any CPU
		{01B1EEB0-CDEB-4B1B-BABE-FEEF48C557D1}.Release|Any CPU.Build.0 = Release|Any CPU
	EndGlobalSection
	GlobalSection(SolutionProperties) = preSolution
		HideSolutionNode = FALSE
	EndGlobalSection
	GlobalSection(ExtensibilityGlobals) = postSolution
		SolutionGuid = {122C69D5-471F-4D09-B924-06846A8E0486}
	EndGlobalSection
EndGlobal
